
Microsoft Visual Studio Solution File, Format Version 12.00
# Visual Studio Version 17
VisualStudioVersion = 17.2.32630.192
MinimumVisualStudioVersion = 10.0.40219.1
Project("{9A19103F-16F7-4668-BE54-9A1E7A4F7556}") = "PhulkariThreadzWeb", "PhulkariThreadzWeb\PhulkariThreadzWeb.csproj", "{61C049DC-9355-44AC-9F15-0FEDC541C185}"
EndProject
Project("{9A19103F-16F7-4668-BE54-9A1E7A4F7556}") = "PhulkariThreadz.DataAccess", "PhulkariThreadz.DataAccess\PhulkariThreadz.DataAccess.csproj", "{2A28FAB6-1E3B-4F19-B153-A4850971590B}"
EndProject
Project("{9A19103F-16F7-4668-BE54-9A1E7A4F7556}") = "PhulkariThreadz.Models", "PhulkariThreadz.Models\PhulkariThreadz.Models.csproj", "{8A603EC6-8EB0-400B-8EDF-BEE5B0A1FFCF}"
EndProject
Project("{9A19103F-16F7-4668-BE54-9A1E7A4F7556}") = "PhulkariThreadz.Utility", "PhulkariThreadz.Utility\PhulkariThreadz.Utility.csproj", "{8C664323-D6DC-4D83-808F-97641DE987F0}"
EndProject
Global
	GlobalSection(SolutionConfigurationPlatforms) = preSolution
		Debug|Any CPU = Debug|Any CPU
		Release|Any CPU = Release|Any CPU
	EndGlobalSection
	GlobalSection(ProjectConfigurationPlatforms) = postSolution
		{61C049DC-9355-44AC-9F15-0FEDC541C185}.Debug|Any CPU.ActiveCfg = Debug|Any CPU
		{61C049DC-9355-44AC-9F15-0FEDC541C185}.Debug|Any CPU.Build.0 = Debug|Any CPU
		{61C049DC-9355-44AC-9F15-0FEDC541C185}.Release|Any CPU.ActiveCfg = Release|Any CPU
		{61C049DC-9355-44AC-9F15-0FEDC541C185}.Release|Any CPU.Build.0 = Release|Any CPU
		{2A28FAB6-1E3B-4F19-B153-A4850971590B}.Debug|Any CPU.ActiveCfg = Debug|Any CPU
		{2A28FAB6-1E3B-4F19-B153-A4850971590B}.Debug|Any CPU.Build.0 = Debug|Any CPU
		{2A28FAB6-1E3B-4F19-B153-A4850971590B}.Release|Any CPU.ActiveCfg = Release|Any CPU
		{2A28FAB6-1E3B-4F19-B153-A4850971590B}.Release|Any CPU.Build.0 = Release|Any CPU
		{8A603EC6-8EB0-400B-8EDF-BEE5B0A1FFCF}.Debug|Any CPU.ActiveCfg = Debug|Any CPU
		{8A603EC6-8EB0-400B-8EDF-BEE5B0A1FFCF}.Debug|Any CPU.Build.0 = Debug|Any CPU
		{8A603EC6-8EB0-400B-8EDF-BEE5B0A1FFCF}.Release|Any CPU.ActiveCfg = Release|Any CPU
		{8A603EC6-8EB0-400B-8EDF-BEE5B0A1FFCF}.Release|Any CPU.Build.0 = Release|Any CPU
		{8C664323-D6DC-4D83-808F-97641DE987F0}.Debug|Any CPU.ActiveCfg = Debug|Any CPU
		{8C664323-D6DC-4D83-808F-97641DE987F0}.Debug|Any CPU.Build.0 = Debug|Any CPU
		{8C664323-D6DC-4D83-808F-97641DE987F0}.Release|Any CPU.ActiveCfg = Release|Any CPU
		{8C664323-D6DC-4D83-808F-97641DE987F0}.Release|Any CPU.Build.0 = Release|Any CPU
	EndGlobalSection
	GlobalSection(SolutionProperties) = preSolution
		HideSolutionNode = FALSE
	EndGlobalSection
	GlobalSection(ExtensibilityGlobals) = postSolution
		SolutionGuid = {9024F142-BAD2-49B6-BDBB-70CBED0F34CF}
	EndGlobalSection
EndGlobal
